# Pinned DIRECT dependencies the test suite runs against (constraints file).
# Dev install: pip install -r requirements.txt -c requirements.lock
# Docker/CI install from requirements-hashes.lock (full transitive tree + sha256),
# which is compiled FROM this file:
#   uv pip compile requirements.txt --constraint requirements.lock --generate-hashes \
#      --python-version 3.11 --universal --output-file requirements-hashes.lock
# Update: bump here, re-run ruff/mypy/pytest, then recompile the hashes file.
fastapi==0.135.1
starlette==1.3.1
uvicorn==0.42.0
pydantic==2.11.10
pydantic-settings==2.10.1
python-multipart==0.0.32
slowapi==0.1.9
scikit-learn==1.6.1
joblib==1.5.3
numpy==2.2.6
# 1.13.1 (May 2024) was the one stale pin AND the only upper bound on numpy in the whole
# tree: its metadata declared numpy<2.3, so scipy alone held numpy at 2.2.x (audit DEP-2).
# 1.18.1 declares numpy<2.8. Two entries because the resolve is universal and 1.18 needs
# 3.12: the Docker base is 3.11 and gets 1.17.1, a dev venv on 3.12 gets 1.18.1.
scipy==1.17.1 ; python_full_version < "3.12"
scipy==1.18.1 ; python_full_version >= "3.12"
pandas==2.3.3
skops==0.14.0
pyyaml==6.0.2
wordfreq==3.1.1
pysbd==0.3.4
snowballstemmer==3.1.1
